
Microsoft Visual Studio Solution File, Format Version 12.00
# Visual Studio Version 17
VisualStudioVersion = 17.2.32516.85
MinimumVisualStudioVersion = 10.0.40219.1
Project("{FAE04EC0-301F-11D3-BF4B-00C04F79EFBC}") = "demo", "demo\demo.csproj", "{F9965209-FEDF-40CF-8D82-74A005349C9D}"
EndProject
Global
	GlobalSection(SolutionConfigurationPlatforms) = preSolution
		Debug|Any CPU = Debug|Any CPU
		Release|Any CPU = Release|Any CPU
	EndGlobalSection
	GlobalSection(ProjectConfigurationPlatforms) = postSolution
		{F9965209-FEDF-40CF-8D82-74A005349C9D}.Debug|Any CPU.ActiveCfg = Debug|Any CPU
		{F9965209-FEDF-40CF-8D82-74A005349C9D}.Debug|Any CPU.Build.0 = Debug|Any CPU
		{F9965209-FEDF-40CF-8D82-74A005349C9D}.Release|Any CPU.ActiveCfg = Release|Any CPU
		{F9965209-FEDF-40CF-8D82-74A005349C9D}.Release|Any CPU.Build.0 = Release|Any CPU
	EndGlobalSection
	GlobalSection(SolutionProperties) = preSolution
		HideSolutionNode = FALSE
	EndGlobalSection
	GlobalSection(ExtensibilityGlobals) = postSolution
		SolutionGuid = {39052056-DC5D-4851-A4F2-39AF81D480BC}
	EndGlobalSection
EndGlobal
